{
 "q001": "1106b1f3b58c4d8adfe853297ca3dfd504126f68df979720450c185bfda67351",
 "q002": "1d693d8474f28243efd93308eca7e9be3a3603ff332263f768a6a56e13a7fc64",
 "q003": "aefcc0409f26726ea76b54ffd2f8eb5a6241a733130d9815c4b49ff0215f009d",
 "q004": "27484859c5a7bb8b080178917c2aa76fb4b0857e4b827678be470e4c0d3212d8",
 "q005": "da50e69aa85706d98a788599c50aefa3cb4fe4a37e8bf20f4c79e8ba9c5a41db"
}